[[package]]
name = "beautifulsoup4"
version = "4.11.1"
description = "Screen-scraping library"
category = "main"
optional = false
python-versions = ">=3.6.0"

[package.dependencies]
soupsieve = ">1.2"

[package.extras]
html5lib = ["html5lib"]
lxml = ["lxml"]

[[package]]
name = "certifi"
version = "2022.6.15.1"
description = "Python package for providing Mozilla's CA Bundle."
category = "main"
optional = false
python-versions = ">=3.6"

[[package]]
name = "charset-normalizer"
version = "2.0.12"
description = "The Real First Universal Charset Detector. Open, modern and actively maintained alternative to Chardet."
category = "main"
optional = false
python-versions = ">=3.5.0"

[package.extras]
unicode_backport = ["unicodedata2"]

[[package]]
name = "click"
version = "8.1.3"
description = "Composable command line interface toolkit"
category = "main"
optional = false
python-versions = ">=3.7"

[package.dependencies]
colorama = {version = "*", markers = "platform_system == \"Windows\""}

[[package]]
name = "colorama"
version = "0.4.5"
description = "Cross-platform colored terminal text."
category = "main"
optional = false
python-versions = ">=2.7, !=3.0.*, !=3.1.*, !=3.2.*, !=3.3.*, !=3.4.*"

[[package]]
name = "dawg-python"
version = "0.7.2"
description = "Pure-python reader for DAWGs (DAFSAs) created by dawgdic C++ library or DAWG Python extension."
category = "main"
optional = false
python-versions = "*"

[[package]]
name = "docopt"
version = "0.6.2"
description = "Pythonic argument parser, that will make you smile"
category = "main"
optional = false
python-versions = "*"

[[package]]
name = "gensim"
version = "4.2.0"
description = "Python framework for fast Vector Space Modelling"
category = "main"
optional = false
python-versions = ">=3.6"

[package.dependencies]
numpy = ">=1.17.0"
scipy = ">=0.18.1"
smart-open = ">=1.8.1"

[package.extras]
distributed = ["Pyro4 (>=4.27)"]
docs = ["Pyro4 (>=4.27)", "annoy", "cython", "matplotlib", "memory-profiler", "mock", "nltk", "nmslib", "pandas", "pyemd", "pyro4", "pytest", "pytest-cov", "sphinx", "sphinx-gallery", "sphinxcontrib-napoleon", "sphinxcontrib.programoutput", "statsmodels", "testfixtures", "visdom (>0.1.8.7)"]
test = ["cython", "mock", "nmslib", "pyemd", "pytest", "pytest-cov", "testfixtures", "visdom (>0.1.8.7)"]
test-win = ["cython", "mock", "nmslib", "pyemd", "pytest", "pytest-cov", "testfixtures"]

[[package]]
name = "idna"
version = "3.3"
description = "Internationalized Domain Names in Applications (IDNA)"
category = "main"
optional = false
python-versions = ">=3.5"

[[package]]
name = "joblib"
version = "1.1.0"
description = "Lightweight pipelining with Python functions"
category = "main"
optional = false
python-versions = ">=3.6"

[[package]]
name = "nltk"
version = "3.7"
description = "Natural Language Toolkit"
category = "main"
optional = false
python-versions = ">=3.7"

[package.dependencies]
click = "*"
joblib = "*"
regex = ">=2021.8.3"
tqdm = "*"

[package.extras]
all = ["matplotlib", "numpy", "pyparsing", "python-crfsuite", "requests", "scikit-learn", "scipy", "twython"]
corenlp = ["requests"]
machine_learning = ["numpy", "python-crfsuite", "scikit-learn", "scipy"]
plot = ["matplotlib"]
tgrep = ["pyparsing"]
twitter = ["twython"]

[[package]]
name = "numpy"
version = "1.23.3"
description = "NumPy is the fundamental package for array computing with Python."
category = "main"
optional = false
python-versions = ">=3.8"

[[package]]
name = "pyfillet"
version = "0.0.1"
description = ""
category = "main"
optional = false
python-versions = "*"
develop = false

[package.dependencies]
gensim = ">=4.2.0"
nltk = ">=3.7"
pymorphy2 = ">=0.9.1"
tqdm = ">=4.64.0"

[package.source]
type = "git"
url = "https://github.com/ivan-chai/pyfillet.git"
reference = "main"
resolved_reference = "4b57a6183b72d9489687aaa553802e23e6da5b8f"

[[package]]
name = "pymorphy2"
version = "0.9.1"
description = "Morphological analyzer (POS tagger + inflection engine) for Russian language."
category = "main"
optional = false
python-versions = "*"

[package.dependencies]
dawg-python = ">=0.7.1"
docopt = ">=0.6"
pymorphy2-dicts-ru = ">=2.4,<3.0"

[package.extras]
fast = ["DAWG (>=0.8)"]

[[package]]
name = "pymorphy2-dicts-ru"
version = "2.4.417127.4579844"
description = "Russian dictionaries for pymorphy2"
category = "main"
optional = false
python-versions = "*"

[[package]]
name = "regex"
version = "2022.8.17"
description = "Alternative regular expression module, to replace re."
category = "main"
optional = false
python-versions = ">=3.6"

[[package]]
name = "requests"
version = "2.27.1"
description = "Python HTTP for Humans."
category = "main"
optional = false
python-versions = ">=2.7, !=3.0.*, !=3.1.*, !=3.2.*, !=3.3.*, !=3.4.*, !=3.5.*"

[package.dependencies]
certifi = ">=2017.4.17"
charset-normalizer = {version = ">=2.0.0,<2.1.0", markers = "python_version >= \"3\""}
idna = {version = ">=2.5,<4", markers = "python_version >= \"3\""}
urllib3 = ">=1.21.1,<1.27"

[package.extras]
socks = ["PySocks (>=1.5.6,!=1.5.7)", "win-inet-pton"]
use_chardet_on_py3 = ["chardet (>=3.0.2,<5)"]

[[package]]
name = "scipy"
version = "1.6.1"
description = "SciPy: Scientific Library for Python"
category = "main"
optional = false
python-versions = ">=3.7"

[package.dependencies]
numpy = ">=1.16.5"

[[package]]
name = "smart-open"
version = "5.1.0"
description = "Utils for streaming large files (S3, HDFS, GCS, Azure Blob Storage, gzip, bz2...)"
category = "main"
optional = false
python-versions = ">=3.6.*"

[package.extras]
all = ["azure-common", "azure-core", "azure-storage-blob", "boto3", "google-cloud-storage", "requests"]
azure = ["azure-common", "azure-core", "azure-storage-blob"]
gcs = ["google-cloud-storage"]
http = ["requests"]
s3 = ["boto3"]
test = ["azure-common", "azure-core", "azure-storage-blob", "boto3", "google-cloud-storage", "moto[server] (==1.3.14)", "parameterizedtestcase", "paramiko", "pathlib2", "pytest", "pytest-rerunfailures", "requests", "responses"]
webhdfs = ["requests"]

[[package]]
name = "soupsieve"
version = "2.3.2.post1"
description = "A modern CSS selector implementation for Beautiful Soup."
category = "main"
optional = false
python-versions = ">=3.6"

[[package]]
name = "torch"
version = "1.12.1"
description = "Tensors and Dynamic neural networks in Python with strong GPU acceleration"
category = "main"
optional = false
python-versions = ">=3.7.0"

[package.dependencies]
typing-extensions = "*"

[[package]]
name = "torchtext"
version = "0.13.1"
description = "Text utilities and datasets for PyTorch"
category = "main"
optional = false
python-versions = ">=3.7"

[package.dependencies]
numpy = "*"
requests = "*"
torch = "1.12.1"
tqdm = "*"

[[package]]
name = "tqdm"
version = "4.64.1"
description = "Fast, Extensible Progress Meter"
category = "main"
optional = false
python-versions = "!=3.0.*,!=3.1.*,!=3.2.*,!=3.3.*,>=2.7"

[package.dependencies]
colorama = {version = "*", markers = "platform_system == \"Windows\""}

[package.extras]
dev = ["py-make (>=0.1.0)", "twine", "wheel"]
notebook = ["ipywidgets (>=6)"]
slack = ["slack-sdk"]
telegram = ["requests"]

[[package]]
name = "typing-extensions"
version = "4.3.0"
description = "Backported and Experimental Type Hints for Python 3.7+"
category = "main"
optional = false
python-versions = ">=3.7"

[[package]]
name = "urllib3"
version = "1.22"
description = "HTTP library with thread-safe connection pooling, file post, and more."
category = "main"
optional = false
python-versions = "*"

[package.extras]
secure = ["certifi", "cryptography (>=1.3.4)", "idna (>=2.0.0)", "ipaddress", "pyOpenSSL (>=0.14)"]
socks = ["PySocks (>=1.5.6,!=1.5.7,<2.0)"]

[[package]]
name = "wikipedia"
version = "1.4.0"
description = "Wikipedia API for Python"
category = "main"
optional = false
python-versions = "*"

[package.dependencies]
beautifulsoup4 = "*"
requests = ">=2.0.0,<3.0.0"

[metadata]
lock-version = "1.1"
python-versions = ">=3.8"
content-hash = "12b0d6f34db3b8892e4d3083b35dc366a22d40c106f983f8157a062977e8ad5a"

[metadata.files]
beautifulsoup4 = [
    {file = "beautifulsoup4-4.11.1-py3-none-any.whl", hash = "sha256:58d5c3d29f5a36ffeb94f02f0d786cd53014cf9b3b3951d42e0080d8a9498d30"},
    {file = "beautifulsoup4-4.11.1.tar.gz", hash = "sha256:ad9aa55b65ef2808eb405f46cf74df7fcb7044d5cbc26487f96eb2ef2e436693"},
]
certifi = [
    {file = "certifi-2022.6.15.1-py3-none-any.whl", hash = "sha256:43dadad18a7f168740e66944e4fa82c6611848ff9056ad910f8f7a3e46ab89e0"},
    {file = "certifi-2022.6.15.1.tar.gz", hash = "sha256:cffdcd380919da6137f76633531a5817e3a9f268575c128249fb637e4f9e73fb"},
]
charset-normalizer = [
    {file = "charset-normalizer-2.0.12.tar.gz", hash = "sha256:2857e29ff0d34db842cd7ca3230549d1a697f96ee6d3fb071cfa6c7393832597"},
    {file = "charset_normalizer-2.0.12-py3-none-any.whl", hash = "sha256:6881edbebdb17b39b4eaaa821b438bf6eddffb4468cf344f09f89def34a8b1df"},
]
click = [
    {file = "click-8.1.3-py3-none-any.whl", hash = "sha256:bb4d8133cb15a609f44e8213d9b391b0809795062913b383c62be0ee95b1db48"},
    {file = "click-8.1.3.tar.gz", hash = "sha256:7682dc8afb30297001674575ea00d1814d808d6a36af415a82bd481d37ba7b8e"},
]
colorama = [
    {file = "colorama-0.4.5-py2.py3-none-any.whl", hash = "sha256:854bf444933e37f5824ae7bfc1e98d5bce2ebe4160d46b5edf346a89358e99da"},
    {file = "colorama-0.4.5.tar.gz", hash = "sha256:e6c6b4334fc50988a639d9b98aa429a0b57da6e17b9a44f0451f930b6967b7a4"},
]
dawg-python = [
    {file = "DAWG-Python-0.7.2.tar.gz", hash = "sha256:4a5e3286e6261cca02f205cfd5516a7ab10190fa30c51c28d345808f595e3421"},
    {file = "DAWG_Python-0.7.2-py2.py3-none-any.whl", hash = "sha256:4941d5df081b8d6fcb4597e073a9f60d5c1ccc9d17cd733e8744d7ecfec94ef3"},
]
docopt = [
    {file = "docopt-0.6.2.tar.gz", hash = "sha256:49b3a825280bd66b3aa83585ef59c4a8c82f2c8a522dbe754a8bc8d08c85c491"},
]
gensim = [
    {file = "gensim-4.2.0-cp310-cp310-macosx_10_9_universal2.whl", hash = "sha256:de68cdee678e63500c832cc17ed768c0fc22550f63782201a50f319a4a6fc385"},
    {file = "gensim-4.2.0-cp310-cp310-manylinux_2_17_x86_64.manylinux2014_x86_64.whl", hash = "sha256:4e06f177e537af25e219f6e42f50f78687754fd20aa3a8335fe3103636f747df"},
    {file = "gensim-4.2.0-cp310-cp310-win_amd64.whl", hash = "sha256:f1b59d3559fab86df1e046882531ecc9a653689cf6effb1b089cd3adfc7ec57c"},
    {file = "gensim-4.2.0-cp37-cp37m-macosx_10_9_x86_64.whl", hash = "sha256:1ae06b2d70ed09ba1051b7f37ee142b695c183fd18f2dddb3362379d6dc33d73"},
    {file = "gensim-4.2.0-cp37-cp37m-manylinux_2_12_x86_64.manylinux2010_x86_64.whl", hash = "sha256:cccf80d032dac1d6be8de06a8c8ed763496acda8c37e5c9a9d19c712f16d8fd3"},
    {file = "gensim-4.2.0-cp37-cp37m-manylinux_2_17_aarch64.manylinux2014_aarch64.whl", hash = "sha256:84a06822c0ad1285f4e8630df5e618e8e2f67eb5edb571fa907433856911f42b"},
    {file = "gensim-4.2.0-cp37-cp37m-win_amd64.whl", hash = "sha256:662e755a179a4042d1a3c3c39d80479f50fc09b7e1c5df2e40276ec75c8311d2"},
    {file = "gensim-4.2.0-cp38-cp38-macosx_10_9_x86_64.whl", hash = "sha256:bad35d595e5a37b2f082985b31dbd01024949a9b3d4f69f80e54d990e90721ad"},
    {file = "gensim-4.2.0-cp38-cp38-manylinux_2_12_x86_64.manylinux2010_x86_64.whl", hash = "sha256:db1bc49dccc3815fa58bddc9e1f953354a131ab510d72fd8af58e9c749bb695e"},
    {file = "gensim-4.2.0-cp38-cp38-manylinux_2_17_aarch64.manylinux2014_aarch64.whl", hash = "sha256:636cd376e647200bbc37694541c078a64ce2ddfa70a6cbaafd55de800731000b"},
    {file = "gensim-4.2.0-cp38-cp38-win_amd64.whl", hash = "sha256:f8199bc532ea041a35c360c65ce418a4730c813fd300a433fd9a3d89b4bb6f1d"},
    {file = "gensim-4.2.0-cp39-cp39-macosx_10_9_x86_64.whl", hash = "sha256:4ebc8ec9cccae2d063cef240825658f050c5ad6fd2c81eecc84765f7a87b58ba"},
    {file = "gensim-4.2.0-cp39-cp39-manylinux_2_12_x86_64.manylinux2010_x86_64.whl", hash = "sha256:ec8c5917ec36cfffbe8688af60f444f9e8fa01a3032fb75c50df212772db257f"},
    {file = "gensim-4.2.0-cp39-cp39-manylinux_2_17_aarch64.manylinux2014_aarch64.whl", hash = "sha256:edb70625065c5d170205cbf108bb01a9fce9487182fdeb2724ce0674ab98a244"},
    {file = "gensim-4.2.0-cp39-cp39-win_amd64.whl", hash = "sha256:8ff2c9e8e7470701b26b994d29fdf4d77bb3b290b6303dee61859a776bfeeeee"},
    {file = "gensim-4.2.0.tar.gz", hash = "sha256:995ebd2970a31d47c100aaac10212f47e2bf12e2b06536d38883c951ff34eef1"},
]
idna = [
    {file = "idna-3.3-py3-none-any.whl", hash = "sha256:84d9dd047ffa80596e0f246e2eab0b391788b0503584e8945f2368256d2735ff"},
    {file = "idna-3.3.tar.gz", hash = "sha256:9d643ff0a55b762d5cdb124b8eaa99c66322e2157b69160bc32796e824360e6d"},
]
joblib = [
    {file = "joblib-1.1.0-py2.py3-none-any.whl", hash = "sha256:f21f109b3c7ff9d95f8387f752d0d9c34a02aa2f7060c2135f465da0e5160ff6"},
    {file = "joblib-1.1.0.tar.gz", hash = "sha256:4158fcecd13733f8be669be0683b96ebdbbd38d23559f54dca7205aea1bf1e35"},
]
nltk = [
    {file = "nltk-3.7-py3-none-any.whl", hash = "sha256:ba3de02490308b248f9b94c8bc1ac0683e9aa2ec49ee78536d8667afb5e3eec8"},
    {file = "nltk-3.7.zip", hash = "sha256:d6507d6460cec76d70afea4242a226a7542f85c669177b9c7f562b7cf1b05502"},
]
numpy = [
    {file = "numpy-1.23.3-cp310-cp310-macosx_10_9_x86_64.whl", hash = "sha256:c9f707b5bb73bf277d812ded9896f9512a43edff72712f31667d0a8c2f8e71ee"},
    {file = "numpy-1.23.3-cp310-cp310-macosx_11_0_arm64.whl", hash = "sha256:ffcf105ecdd9396e05a8e58e81faaaf34d3f9875f137c7372450baa5d77c9a54"},
    {file = "numpy-1.23.3-cp310-cp310-manylinux_2_17_aarch64.manylinux2014_aarch64.whl", hash = "sha256:0ea3f98a0ffce3f8f57675eb9119f3f4edb81888b6874bc1953f91e0b1d4f440"},
    {file = "numpy-1.23.3-cp310-cp310-manylinux_2_17_x86_64.manylinux2014_x86_64.whl", hash = "sha256:004f0efcb2fe1c0bd6ae1fcfc69cc8b6bf2407e0f18be308612007a0762b4089"},
    {file = "numpy-1.23.3-cp310-cp310-win32.whl", hash = "sha256:98dcbc02e39b1658dc4b4508442a560fe3ca5ca0d989f0df062534e5ca3a5c1a"},
    {file = "numpy-1.23.3-cp310-cp310-win_amd64.whl", hash = "sha256:39a664e3d26ea854211867d20ebcc8023257c1800ae89773cbba9f9e97bae036"},
    {file = "numpy-1.23.3-cp311-cp311-macosx_10_9_x86_64.whl", hash = "sha256:1f27b5322ac4067e67c8f9378b41c746d8feac8bdd0e0ffede5324667b8a075c"},
    {file = "numpy-1.23.3-cp311-cp311-macosx_11_0_arm64.whl", hash = "sha256:2ad3ec9a748a8943e6eb4358201f7e1c12ede35f510b1a2221b70af4bb64295c"},
    {file = "numpy-1.23.3-cp311-cp311-manylinux_2_17_aarch64.manylinux2014_aarch64.whl", hash = "sha256:bdc9febce3e68b697d931941b263c59e0c74e8f18861f4064c1f712562903411"},
    {file = "numpy-1.23.3-cp311-cp311-manylinux_2_17_x86_64.manylinux2014_x86_64.whl", hash = "sha256:301c00cf5e60e08e04d842fc47df641d4a181e651c7135c50dc2762ffe293dbd"},
    {file = "numpy-1.23.3-cp311-cp311-win32.whl", hash = "sha256:7cd1328e5bdf0dee621912f5833648e2daca72e3839ec1d6695e91089625f0b4"},
    {file = "numpy-1.23.3-cp311-cp311-win_amd64.whl", hash = "sha256:8355fc10fd33a5a70981a5b8a0de51d10af3688d7a9e4a34fcc8fa0d7467bb7f"},
    {file = "numpy-1.23.3-cp38-cp38-macosx_10_9_x86_64.whl", hash = "sha256:bc6e8da415f359b578b00bcfb1d08411c96e9a97f9e6c7adada554a0812a6cc6"},
    {file = "numpy-1.23.3-cp38-cp38-macosx_11_0_arm64.whl", hash = "sha256:22d43376ee0acd547f3149b9ec12eec2f0ca4a6ab2f61753c5b29bb3e795ac4d"},
    {file = "numpy-1.23.3-cp38-cp38-manylinux_2_17_aarch64.manylinux2014_aarch64.whl", hash = "sha256:a64403f634e5ffdcd85e0b12c08f04b3080d3e840aef118721021f9b48fc1460"},
    {file = "numpy-1.23.3-cp38-cp38-manylinux_2_17_x86_64.manylinux2014_x86_64.whl", hash = "sha256:efd9d3abe5774404becdb0748178b48a218f1d8c44e0375475732211ea47c67e"},
    {file = "numpy-1.23.3-cp38-cp38-win32.whl", hash = "sha256:f8c02ec3c4c4fcb718fdf89a6c6f709b14949408e8cf2a2be5bfa9c49548fd85"},
    {file = "numpy-1.23.3-cp38-cp38-win_amd64.whl", hash = "sha256:e868b0389c5ccfc092031a861d4e158ea164d8b7fdbb10e3b5689b4fc6498df6"},
    {file = "numpy-1.23.3-cp39-cp39-macosx_10_9_x86_64.whl", hash = "sha256:09f6b7bdffe57fc61d869a22f506049825d707b288039d30f26a0d0d8ea05164"},
    {file = "numpy-1.23.3-cp39-cp39-macosx_11_0_arm64.whl", hash = "sha256:8c79d7cf86d049d0c5089231a5bcd31edb03555bd93d81a16870aa98c6cfb79d"},
    {file = "numpy-1.23.3-cp39-cp39-manylinux_2_17_aarch64.manylinux2014_aarch64.whl", hash = "sha256:e5d5420053bbb3dd64c30e58f9363d7a9c27444c3648e61460c1237f9ec3fa14"},
    {file = "numpy-1.23.3-cp39-cp39-manylinux_2_17_x86_64.manylinux2014_x86_64.whl", hash = "sha256:d5422d6a1ea9b15577a9432e26608c73a78faf0b9039437b075cf322c92e98e7"},
    {file = "numpy-1.23.3-cp39-cp39-win32.whl", hash = "sha256:c1ba66c48b19cc9c2975c0d354f24058888cdc674bebadceb3cdc9ec403fb5d1"},
    {file = "numpy-1.23.3-cp39-cp39-win_amd64.whl", hash = "sha256:78a63d2df1d947bd9d1b11d35564c2f9e4b57898aae4626638056ec1a231c40c"},
    {file = "numpy-1.23.3-pp38-pypy38_pp73-macosx_10_9_x86_64.whl", hash = "sha256:17c0e467ade9bda685d5ac7f5fa729d8d3e76b23195471adae2d6a6941bd2c18"},
    {file = "numpy-1.23.3-pp38-pypy38_pp73-manylinux_2_17_x86_64.manylinux2014_x86_64.whl", hash = "sha256:91b8d6768a75247026e951dce3b2aac79dc7e78622fc148329135ba189813584"},
    {file = "numpy-1.23.3-pp38-pypy38_pp73-win_amd64.whl", hash = "sha256:94c15ca4e52671a59219146ff584488907b1f9b3fc232622b47e2cf832e94fb8"},
    {file = "numpy-1.23.3.tar.gz", hash = "sha256:51bf49c0cd1d52be0a240aa66f3458afc4b95d8993d2d04f0d91fa60c10af6cd"},
]
pyfillet = []
pymorphy2 = [
    {file = "pymorphy2-0.9.1-py3-none-any.whl", hash = "sha256:a5224ec153cd6920a33961ae636793ad5185143bc8045b3f9a9f8bd62ecacf68"},
    {file = "pymorphy2-0.9.1.tar.gz", hash = "sha256:86c447157dee2eb2341efbe4538e1281a754756ba1aa32da77a89614c58b560c"},
]
pymorphy2-dicts-ru = [
    {file = "pymorphy2-dicts-ru-2.4.417127.4579844.tar.gz", hash = "sha256:78cad03adca605021abd387a3b2eb515c851b86e94682a1ef2354a2c74fcc196"},
    {file = "pymorphy2_dicts_ru-2.4.417127.4579844-py2.py3-none-any.whl", hash = "sha256:9a322a6ee78fd4a5dceead0545c24b9a91687ad5df95cbac1b36f6c36cbb498a"},
]
regex = [
    {file = "regex-2022.8.17-cp310-cp310-macosx_10_9_x86_64.whl", hash = "sha256:840063aa8eeb1dda07d7d7dee15648838bffef1d415f5f79061854a182a429aa"},
    {file = "regex-2022.8.17-cp310-cp310-macosx_11_0_arm64.whl", hash = "sha256:1df31eaf147ecff3665ba861acb8f78221cd5501df072c9151dfa341dd24599f"},
    {file = "regex-2022.8.17-cp310-cp310-manylinux_2_17_aarch64.manylinux2014_aarch64.whl", hash = "sha256:085ca3dc9360c0210e0a70e5d34d66454a06077644e7679fef6358b1f053e62e"},
    {file = "regex-2022.8.17-cp310-cp310-manylinux_2_17_ppc64le.manylinux2014_ppc64le.whl", hash = "sha256:21b6f939916aa61beea56393ebc8a9999060632ac22b8193c2cb67d6fd7cb2c3"},
    {file = "regex-2022.8.17-cp310-cp310-manylinux_2_17_s390x.manylinux2014_s390x.whl", hash = "sha256:0a9d5a64e974bc5f160f30f76aaf993d49eeddb405676be6bf76a5a2c131e185"},
    {file = "regex-2022.8.17-cp310-cp310-manylinux_2_17_x86_64.manylinux2014_x86_64.whl", hash = "sha256:d13bd83284b46c304eb10de93f8a3f2c80361f91f4e8a4e1273caf83e16c4409"},
    {file = "regex-2022.8.17-cp310-cp310-manylinux_2_5_i686.manylinux1_i686.manylinux_2_17_i686.manylinux2014_i686.whl", hash = "sha256:7a52d547259495a53e61e37ffc6d5cecf8d298aeb1bc0d9b25289d65ddb31183"},
    {file = "regex-2022.8.17-cp310-cp310-manylinux_2_5_x86_64.manylinux1_x86_64.manylinux_2_12_x86_64.manylinux2010_x86_64.whl", hash = "sha256:be6f5b453f7ed2219a9555bb6840663950b9ab1dc034216f68eac64db66633c2"},
    {file = "regex-2022.8.17-cp310-cp310-musllinux_1_1_aarch64.whl", hash = "sha256:a1e283ad918df44bad3ccf042c2fe283c63d17617570eb91b8c370ef677b0b83"},
    {file = "regex-2022.8.17-cp310-cp310-musllinux_1_1_i686.whl", hash = "sha256:5d541bc430a74c787684d1ebcd205a5212a88c3de73848143e77489b2c25b911"},
    {file = "regex-2022.8.17-cp310-cp310-musllinux_1_1_ppc64le.whl", hash = "sha256:c78c72f7878071a78337510ec78ab856d60b4bdcd3a95fd68b939e7cb30434b3"},
    {file = "regex-2022.8.17-cp310-cp310-musllinux_1_1_s390x.whl", hash = "sha256:6b30c8d299ba48ee919064628fd8bc296bdc6e4827d315491bea39437130d3e1"},
    {file = "regex-2022.8.17-cp310-cp310-musllinux_1_1_x86_64.whl", hash = "sha256:02b6dc102123f5178796dcdb5a90f6e88895607fd1a1d115d8de1af8161ca2b4"},
    {file = "regex-2022.8.17-cp310-cp310-win32.whl", hash = "sha256:5f14430535645712f546f1e07013507d1cc0c8abd851811dacce8c7fb584bf52"},
    {file = "regex-2022.8.17-cp310-cp310-win_amd64.whl", hash = "sha256:c4f6609f6e867a58cdf173e1cbe1f3736d25962108bd5cb01ad5a130875ff2c8"},
    {file = "regex-2022.8.17-cp36-cp36m-macosx_10_9_x86_64.whl", hash = "sha256:4dad9d68574e93e1e23be53b4ecfb0f083bd5cc08cc7f1984a4ee3ebf12aa446"},
    {file = "regex-2022.8.17-cp36-cp36m-manylinux_2_17_aarch64.manylinux2014_aarch64.whl", hash = "sha256:62d56a9d3c1e5a83076db4da060dad7ea35ac2f3cbd3c53ba5a51fe0caedb500"},
    {file = "regex-2022.8.17-cp36-cp36m-manylinux_2_17_ppc64le.manylinux2014_ppc64le.whl", hash = "sha256:61f6966371fa1cbf26c6209771a02bef80336cdaca0c0af4dfa33d51019c0b93"},
    {file = "regex-2022.8.17-cp36-cp36m-manylinux_2_17_s390x.manylinux2014_s390x.whl", hash = "sha256:c76dd2c0615a28de21c97f9f6862e84faef58ff4d700196b4e395ef6a52291e4"},
    {file = "regex-2022.8.17-cp36-cp36m-manylinux_2_17_x86_64.manylinux2014_x86_64.whl", hash = "sha256:370b1d7aed26e29915c3fb3e72e327f194824a76cedb60c0b9f6c6af53e89d72"},
    {file = "regex-2022.8.17-cp36-cp36m-manylinux_2_5_i686.manylinux1_i686.manylinux_2_17_i686.manylinux2014_i686.whl", hash = "sha256:634f090a388351eadf1dcc1d168a190718fb68efb4b8fdc1b119cf837ca01905"},
    {file = "regex-2022.8.17-cp36-cp36m-manylinux_2_5_x86_64.manylinux1_x86_64.manylinux_2_12_x86_64.manylinux2010_x86_64.whl", hash = "sha256:79f34d5833cd0d53ecf48bc030e4da3216bd4846224d17eeb64509be5cb098fd"},
    {file = "regex-2022.8.17-cp36-cp36m-musllinux_1_1_aarch64.whl", hash = "sha256:b7ddecc80e87acf12c2cf12bf3721def47188c403f04e706f104b5e71fed2f31"},
    {file = "regex-2022.8.17-cp36-cp36m-musllinux_1_1_i686.whl", hash = "sha256:6f62c8a59f6b8e608880c61b138ae22668184bc266b025d33200dcf2cebe0872"},
    {file = "regex-2022.8.17-cp36-cp36m-musllinux_1_1_ppc64le.whl", hash = "sha256:95fb62a3980cf43e76c2fe95edab06ec70dc495b8aa660975eb9f0b2ffdae1e1"},
    {file = "regex-2022.8.17-cp36-cp36m-musllinux_1_1_s390x.whl", hash = "sha256:0de0ce11c0835e1117eacbfe8fa6fa98dc0e8e746b486735cb0fdebe46a02222"},
    {file = "regex-2022.8.17-cp36-cp36m-musllinux_1_1_x86_64.whl", hash = "sha256:abe1adb32e2535aaa171e8b2b2d3f083f863c9974a3e6e7dae6bf4827fc8b983"},
    {file = "regex-2022.8.17-cp36-cp36m-win32.whl", hash = "sha256:6059ae91667932d256d9dc03abd3512ebcade322b3a42d1b8354bd1db7f66dcc"},
    {file = "regex-2022.8.17-cp36-cp36m-win_amd64.whl", hash = "sha256:6af38997f178889d417851bae8fb5c00448f7405cfcab38734d771f1dd5d5973"},
    {file = "regex-2022.8.17-cp37-cp37m-macosx_10_9_x86_64.whl", hash = "sha256:cfa62063c5eafb04e4435459ce15746b4ae6c14efeae8f16bd0e3d2895dad698"},
    {file = "regex-2022.8.17-cp37-cp37m-manylinux_2_17_aarch64.manylinux2014_aarch64.whl", hash = "sha256:64ecfcc386420192fbe98fdde777d993f7f2dfec9552e4f4024d3447d3a3e637"},
    {file = "regex-2022.8.17-cp37-cp37m-manylinux_2_17_ppc64le.manylinux2014_ppc64le.whl", hash = "sha256:5910bb355f9517309f77101238dbacb7151ede3434a2f1fad26ecc62f13d8324"},
    {file = "regex-2022.8.17-cp37-cp37m-manylinux_2_17_s390x.manylinux2014_s390x.whl", hash = "sha256:ae85112da2d826b65aa7c7369c56ca41d9a89644312172979cbee5cf788e0b09"},
    {file = "regex-2022.8.17-cp37-cp37m-manylinux_2_17_x86_64.manylinux2014_x86_64.whl", hash = "sha256:6f0c8807bac16984901c0573725bad786f2f004f9bd5df8476c6431097b6c5b3"},
    {file = "regex-2022.8.17-cp37-cp37m-manylinux_2_5_i686.manylinux1_i686.manylinux_2_17_i686.manylinux2014_i686.whl", hash = "sha256:53c9eca0d6070a8a3de42182ad26daf90ba12132eb74a2f45702332762aff84e"},
    {file = "regex-2022.8.17-cp37-cp37m-manylinux_2_5_x86_64.manylinux1_x86_64.manylinux_2_12_x86_64.manylinux2010_x86_64.whl", hash = "sha256:e37886929ee83a5fa5c73164abada00e7f3cc1cbf3f8f6e1e8cfecae9d6cfc47"},
    {file = "regex-2022.8.17-cp37-cp37m-musllinux_1_1_aarch64.whl", hash = "sha256:b3379a83dc63fe06538c751961f9ed730b5d7f08f96a57bbad8d52db5820df1f"},
    {file = "regex-2022.8.17-cp37-cp37m-musllinux_1_1_i686.whl", hash = "sha256:3d3d769b3d485b28d6a591b46723dbacc696e6503f48a3ef52e6fc2c90edb482"},
    {file = "regex-2022.8.17-cp37-cp37m-musllinux_1_1_ppc64le.whl", hash = "sha256:fafed60103132e74cdfbd651abe94801eb87a9765ce275b3dca9af8f3e06622a"},
    {file = "regex-2022.8.17-cp37-cp37m-musllinux_1_1_s390x.whl", hash = "sha256:14750172c0a616140a8f496dfef28ed24080e87d06d5838e008f959ad307a8c5"},
    {file = "regex-2022.8.17-cp37-cp37m-musllinux_1_1_x86_64.whl", hash = "sha256:3aafbbf5076f2a48bcf31ceb42b410323daaa0ddb42544640592957bc906ace6"},
    {file = "regex-2022.8.17-cp37-cp37m-win32.whl", hash = "sha256:74d4aabd612d32282f3cb3ebb4436046fb840d25c754157a755bc9f66e7cd307"},
    {file = "regex-2022.8.17-cp37-cp37m-win_amd64.whl", hash = "sha256:4bd9443f7ff6e6288dd4496215c5d903f851e55cbc09d5963587af0c6d565a0a"},
    {file = "regex-2022.8.17-cp38-cp38-macosx_10_9_x86_64.whl", hash = "sha256:b3c7c6c4aac19b964c1d12784aecae7f0315314640b0f41dd6f0d4e2bf439072"},
    {file = "regex-2022.8.17-cp38-cp38-macosx_11_0_arm64.whl", hash = "sha256:bbaf6785d3f1cd3e617b9d0fb3c5528023ef7bc7cc1356234801dc1941df8ce9"},
    {file = "regex-2022.8.17-cp38-cp38-manylinux_2_17_aarch64.manylinux2014_aarch64.whl", hash = "sha256:3d83fd6dd4263595d0e4f595d4abd54397cbed52c0147f7dd148a7b72910301e"},
    {file = "regex-2022.8.17-cp38-cp38-manylinux_2_17_ppc64le.manylinux2014_ppc64le.whl", hash = "sha256:1b6d2c579ffdcbb3d93f63b6a7f697364594e1c1b6856958b3e61e3ca22c140a"},
    {file = "regex-2022.8.17-cp38-cp38-manylinux_2_17_s390x.manylinux2014_s390x.whl", hash = "sha256:8e8ec94d1b1a0a297c2c69a0bf000baf9a79607ca0c084f577f811a9b447c319"},
    {file = "regex-2022.8.17-cp38-cp38-manylinux_2_17_x86_64.manylinux2014_x86_64.whl", hash = "sha256:4bdfd016ab12c4075ef93f025b3cf4c8962b9b7a5e52bb7039ab64cb7755930c"},
    {file = "regex-2022.8.17-cp38-cp38-manylinux_2_5_i686.manylinux1_i686.manylinux_2_17_i686.manylinux2014_i686.whl", hash = "sha256:cb0c9a1476d279524538ba9a00ecec9eadcef31a6a60b2c8bd2f29f62044a559"},
    {file = "regex-2022.8.17-cp38-cp38-manylinux_2_5_x86_64.manylinux1_x86_64.manylinux_2_12_x86_64.manylinux2010_x86_64.whl", hash = "sha256:25bffa248b99b53a61b1f20fc7d19f711e38e9f0bc90d44c26670f8dc282ad7d"},
    {file = "regex-2022.8.17-cp38-cp38-musllinux_1_1_aarch64.whl", hash = "sha256:0843cc977b9cc00eb2299b624db6481d25e7f5b093f7a7c2bb727028d4a26eda"},
    {file = "regex-2022.8.17-cp38-cp38-musllinux_1_1_i686.whl", hash = "sha256:4e12a3c2d4781ee5d03f229c940934fa1e4ea4f4995e68ab97a2815b139e0804"},
    {file = "regex-2022.8.17-cp38-cp38-musllinux_1_1_ppc64le.whl", hash = "sha256:dc32029b9cc784a529f9201289d4f841cc24a2ae3126a112cd467bc41bbc2f10"},
    {file = "regex-2022.8.17-cp38-cp38-musllinux_1_1_s390x.whl", hash = "sha256:4c6554073e3e554fbb3dff88376ada3da32ca789ea1b9e381f684d49ddb61199"},
    {file = "regex-2022.8.17-cp38-cp38-musllinux_1_1_x86_64.whl", hash = "sha256:2ada67e02fa3fcca9e3b90cf24c2c6bc77f0abc126209937956aea10eeba40c7"},
    {file = "regex-2022.8.17-cp38-cp38-win32.whl", hash = "sha256:1418d3506a9582b23a27373f125ea2b0da523c581e7cf678a6f036254d134faa"},
    {file = "regex-2022.8.17-cp38-cp38-win_amd64.whl", hash = "sha256:2c198921afc811bc0f105c6e5150fbdebf9520c9b7d43cfc0ab156ca97f506d7"},
    {file = "regex-2022.8.17-cp39-cp39-macosx_10_9_x86_64.whl", hash = "sha256:7658d2dfc1dabfb008ffe12ae47b98559e2aedd8237bee12f5aafb74d90479e3"},
    {file = "regex-2022.8.17-cp39-cp39-macosx_11_0_arm64.whl", hash = "sha256:242f546fc5e49bb7395624ac3b4fc168bf454e11ace9804c58c4c3a90d84e38f"},
    {file = "regex-2022.8.17-cp39-cp39-manylinux_2_17_aarch64.manylinux2014_aarch64.whl", hash = "sha256:f7b88bc7306136b123fd1a9beed16ca02900ee31d1c36e73fa33d9e525a5562d"},
    {file = "regex-2022.8.17-cp39-cp39-manylinux_2_17_ppc64le.manylinux2014_ppc64le.whl", hash = "sha256:2240fce3af236e4586a045c1be8bbf16c4f8831e68b7df918b72fc31a80143be"},
    {file = "regex-2022.8.17-cp39-cp39-manylinux_2_17_s390x.manylinux2014_s390x.whl", hash = "sha256:e0b55651db770b4b5a6c7d015f24d1a6ede307296bbdf0c47fc5f6a6adc7abee"},
    {file = "regex-2022.8.17-cp39-cp39-manylinux_2_17_x86_64.manylinux2014_x86_64.whl", hash = "sha256:9668da78bcc219542467f51c2cd01894222be6aceec4b5efb806705900b794d8"},
    {file = "regex-2022.8.17-cp39-cp39-manylinux_2_5_i686.manylinux1_i686.manylinux_2_17_i686.manylinux2014_i686.whl", hash = "sha256:5e7c8f9f8824143c219dd93cdc733c20d2c12f154034c89bcb4911db8e45bd92"},
    {file = "regex-2022.8.17-cp39-cp39-manylinux_2_5_x86_64.manylinux1_x86_64.manylinux_2_12_x86_64.manylinux2010_x86_64.whl", hash = "sha256:c2b6404631b22617b5127c6de2355393ccda693ca733a098b6802e7dabb3457a"},
    {file = "regex-2022.8.17-cp39-cp39-musllinux_1_1_aarch64.whl", hash = "sha256:45cb798095b886e4df6ff4a1f7661eb70620ccdef127e3c3e00a1aaa22d30e53"},
    {file = "regex-2022.8.17-cp39-cp39-musllinux_1_1_i686.whl", hash = "sha256:777ceea2860a48e9e362a4e2a9a691782ea97bd05c24627c92e876fdd2c22e61"},
    {file = "regex-2022.8.17-cp39-cp39-musllinux_1_1_ppc64le.whl", hash = "sha256:99a7c5786de9e92ff5ffee2e8bed745f5d25495206f3f14656c379031e518334"},
    {file = "regex-2022.8.17-cp39-cp39-musllinux_1_1_s390x.whl", hash = "sha256:d76e585368388d99ddd2f95989e6ac80a8fe23115e93931faad99fa34550612f"},
    {file = "regex-2022.8.17-cp39-cp39-musllinux_1_1_x86_64.whl", hash = "sha256:a25d251546acb5edb1635631c4ae0e330fa4ec7c6316c01d256728fbfb9bbff2"},
    {file = "regex-2022.8.17-cp39-cp39-win32.whl", hash = "sha256:fac611bde2609a46fcbd92da7171286faa2f5c191f84d22f61cd7dc27213f51d"},
    {file = "regex-2022.8.17-cp39-cp39-win_amd64.whl", hash = "sha256:ccb986e80674c929f198464bce55e995178dea26833421e2479ff04a6956afac"},
    {file = "regex-2022.8.17.tar.gz", hash = "sha256:5c77eab46f3a2b2cd8bbe06467df783543bf7396df431eb4a144cc4b89e9fb3c"},
]
requests = []
scipy = [
    {file = "scipy-1.6.1-cp37-cp37m-macosx_10_9_x86_64.whl", hash = "sha256:a15a1f3fc0abff33e792d6049161b7795909b40b97c6cc2934ed54384017ab76"},
    {file = "scipy-1.6.1-cp37-cp37m-manylinux1_i686.whl", hash = "sha256:e79570979ccdc3d165456dd62041d9556fb9733b86b4b6d818af7a0afc15f092"},
    {file = "scipy-1.6.1-cp37-cp37m-manylinux1_x86_64.whl", hash = "sha256:a423533c55fec61456dedee7b6ee7dce0bb6bfa395424ea374d25afa262be261"},
    {file = "scipy-1.6.1-cp37-cp37m-manylinux2014_aarch64.whl", hash = "sha256:33d6b7df40d197bdd3049d64e8e680227151673465e5d85723b3b8f6b15a6ced"},
    {file = "scipy-1.6.1-cp37-cp37m-win32.whl", hash = "sha256:6725e3fbb47da428794f243864f2297462e9ee448297c93ed1dcbc44335feb78"},
    {file = "scipy-1.6.1-cp37-cp37m-win_amd64.whl", hash = "sha256:5fa9c6530b1661f1370bcd332a1e62ca7881785cc0f80c0d559b636567fab63c"},
    {file = "scipy-1.6.1-cp38-cp38-macosx_10_9_x86_64.whl", hash = "sha256:bd50daf727f7c195e26f27467c85ce653d41df4358a25b32434a50d8870fc519"},
    {file = "scipy-1.6.1-cp38-cp38-manylinux1_i686.whl", hash = "sha256:f46dd15335e8a320b0fb4685f58b7471702234cba8bb3442b69a3e1dc329c345"},
    {file = "scipy-1.6.1-cp38-cp38-manylinux1_x86_64.whl", hash = "sha256:0e5b0ccf63155d90da576edd2768b66fb276446c371b73841e3503be1d63fb5d"},
    {file = "scipy-1.6.1-cp38-cp38-manylinux2014_aarch64.whl", hash = "sha256:2481efbb3740977e3c831edfd0bd9867be26387cacf24eb5e366a6a374d3d00d"},
    {file = "scipy-1.6.1-cp38-cp38-win32.whl", hash = "sha256:68cb4c424112cd4be886b4d979c5497fba190714085f46b8ae67a5e4416c32b4"},
    {file = "scipy-1.6.1-cp38-cp38-win_amd64.whl", hash = "sha256:5f331eeed0297232d2e6eea51b54e8278ed8bb10b099f69c44e2558c090d06bf"},
    {file = "scipy-1.6.1-cp39-cp39-macosx_10_9_x86_64.whl", hash = "sha256:0c8a51d33556bf70367452d4d601d1742c0e806cd0194785914daf19775f0e67"},
    {file = "scipy-1.6.1-cp39-cp39-manylinux1_i686.whl", hash = "sha256:83bf7c16245c15bc58ee76c5418e46ea1811edcc2e2b03041b804e46084ab627"},
    {file = "scipy-1.6.1-cp39-cp39-manylinux1_x86_64.whl", hash = "sha256:794e768cc5f779736593046c9714e0f3a5940bc6dcc1dba885ad64cbfb28e9f0"},
    {file = "scipy-1.6.1-cp39-cp39-manylinux2014_aarch64.whl", hash = "sha256:5da5471aed911fe7e52b86bf9ea32fb55ae93e2f0fac66c32e58897cfb02fa07"},
    {file = "scipy-1.6.1-cp39-cp39-win32.whl", hash = "sha256:8e403a337749ed40af60e537cc4d4c03febddcc56cd26e774c9b1b600a70d3e4"},
    {file = "scipy-1.6.1-cp39-cp39-win_amd64.whl", hash = "sha256:a5193a098ae9f29af283dcf0041f762601faf2e595c0db1da929875b7570353f"},
    {file = "scipy-1.6.1.tar.gz", hash = "sha256:c4fceb864890b6168e79b0e714c585dbe2fd4222768ee90bc1aa0f8218691b11"},
]
smart-open = [
    {file = "smart_open-5.1.0-py3-none-any.whl", hash = "sha256:2059b07f530c8c9e2158e4e1575309aacb74bd813da2325c1f348015d04f3bd6"},
    {file = "smart_open-5.1.0.tar.gz", hash = "sha256:e4dc1350b240ef0759e343e4e2f361bfd4e5477bb2619866e97f80240652e92e"},
]
soupsieve = [
    {file = "soupsieve-2.3.2.post1-py3-none-any.whl", hash = "sha256:3b2503d3c7084a42b1ebd08116e5f81aadfaea95863628c80a3b774a11b7c759"},
    {file = "soupsieve-2.3.2.post1.tar.gz", hash = "sha256:fc53893b3da2c33de295667a0e19f078c14bf86544af307354de5fcf12a3f30d"},
]
torch = [
    {file = "torch-1.12.1-cp310-cp310-manylinux1_x86_64.whl", hash = "sha256:9c038662db894a23e49e385df13d47b2a777ffd56d9bcd5b832593fab0a7e286"},
    {file = "torch-1.12.1-cp310-cp310-manylinux2014_aarch64.whl", hash = "sha256:4e1b9c14cf13fd2ab8d769529050629a0e68a6fc5cb8e84b4a3cc1dd8c4fe541"},
    {file = "torch-1.12.1-cp310-cp310-win_amd64.whl", hash = "sha256:e9c8f4a311ac29fc7e8e955cfb7733deb5dbe1bdaabf5d4af2765695824b7e0d"},
    {file = "torch-1.12.1-cp310-none-macosx_10_9_x86_64.whl", hash = "sha256:976c3f997cea38ee91a0dd3c3a42322785414748d1761ef926b789dfa97c6134"},
    {file = "torch-1.12.1-cp310-none-macosx_11_0_arm64.whl", hash = "sha256:68104e4715a55c4bb29a85c6a8d57d820e0757da363be1ba680fa8cc5be17b52"},
    {file = "torch-1.12.1-cp37-cp37m-manylinux1_x86_64.whl", hash = "sha256:743784ccea0dc8f2a3fe6a536bec8c4763bd82c1352f314937cb4008d4805de1"},
    {file = "torch-1.12.1-cp37-cp37m-manylinux2014_aarch64.whl", hash = "sha256:b5dbcca369800ce99ba7ae6dee3466607a66958afca3b740690d88168752abcf"},
    {file = "torch-1.12.1-cp37-cp37m-win_amd64.whl", hash = "sha256:f3b52a634e62821e747e872084ab32fbcb01b7fa7dbb7471b6218279f02a178a"},
    {file = "torch-1.12.1-cp37-none-macosx_10_9_x86_64.whl", hash = "sha256:8a34a2fbbaa07c921e1b203f59d3d6e00ed379f2b384445773bd14e328a5b6c8"},
    {file = "torch-1.12.1-cp37-none-macosx_11_0_arm64.whl", hash = "sha256:42f639501928caabb9d1d55ddd17f07cd694de146686c24489ab8c615c2871f2"},
    {file = "torch-1.12.1-cp38-cp38-manylinux1_x86_64.whl", hash = "sha256:0b44601ec56f7dd44ad8afc00846051162ef9c26a8579dda0a02194327f2d55e"},
    {file = "torch-1.12.1-cp38-cp38-manylinux2014_aarch64.whl", hash = "sha256:cd26d8c5640c3a28c526d41ccdca14cf1cbca0d0f2e14e8263a7ac17194ab1d2"},
    {file = "torch-1.12.1-cp38-cp38-win_amd64.whl", hash = "sha256:42e115dab26f60c29e298559dbec88444175528b729ae994ec4c65d56fe267dd"},
    {file = "torch-1.12.1-cp38-none-macosx_10_9_x86_64.whl", hash = "sha256:a8320ba9ad87e80ca5a6a016e46ada4d1ba0c54626e135d99b2129a4541c509d"},
    {file = "torch-1.12.1-cp38-none-macosx_11_0_arm64.whl", hash = "sha256:03e31c37711db2cd201e02de5826de875529e45a55631d317aadce2f1ed45aa8"},
    {file = "torch-1.12.1-cp39-cp39-manylinux1_x86_64.whl", hash = "sha256:9b356aea223772cd754edb4d9ecf2a025909b8615a7668ac7d5130f86e7ec421"},
    {file = "torch-1.12.1-cp39-cp39-manylinux2014_aarch64.whl", hash = "sha256:6cf6f54b43c0c30335428195589bd00e764a6d27f3b9ba637aaa8c11aaf93073"},
    {file = "torch-1.12.1-cp39-cp39-win_amd64.whl", hash = "sha256:f00c721f489089dc6364a01fd84906348fe02243d0af737f944fddb36003400d"},
    {file = "torch-1.12.1-cp39-none-macosx_10_9_x86_64.whl", hash = "sha256:bfec2843daa654f04fda23ba823af03e7b6f7650a873cdb726752d0e3718dada"},
    {file = "torch-1.12.1-cp39-none-macosx_11_0_arm64.whl", hash = "sha256:69fe2cae7c39ccadd65a123793d30e0db881f1c1927945519c5c17323131437e"},
]
torchtext = [
    {file = "torchtext-0.13.1-cp310-cp310-macosx_10_9_x86_64.whl", hash = "sha256:aa59df8f9542674311fc23aca147a34256c936c25840c4b6ee3fee47d511ad17"},
    {file = "torchtext-0.13.1-cp310-cp310-macosx_11_0_arm64.whl", hash = "sha256:492a22727181edf5a33fa18587f3430ffbb366c2ea835e0f4f8a08be8d9e859c"},
    {file = "torchtext-0.13.1-cp310-cp310-manylinux1_x86_64.whl", hash = "sha256:f56359165eb00ea2ff998b67727f87e7fa32665c1a46610c9b5a2d5d581095e5"},
    {file = "torchtext-0.13.1-cp310-cp310-manylinux2014_aarch64.whl", hash = "sha256:b5bf4f9da5326b6e74318b4a5035abfaf166b3abd822565be685f44947adb8d3"},
    {file = "torchtext-0.13.1-cp310-cp310-win_amd64.whl", hash = "sha256:5f8c1b426bda2f22e5bfd118c779c12f8612ed1077e5e3a491242bb4ab7ac4d3"},
    {file = "torchtext-0.13.1-cp37-cp37m-macosx_10_9_x86_64.whl", hash = "sha256:e2e5af4acc8dc12784bff67560ddeaf9f3e6a2f168568b109936336bb4d25cfb"},
    {file = "torchtext-0.13.1-cp37-cp37m-manylinux1_x86_64.whl", hash = "sha256:da57c857f5934b8f48a08b63af51bc48a6eed79b1beac34217b60881a0c9f289"},
    {file = "torchtext-0.13.1-cp37-cp37m-manylinux2014_aarch64.whl", hash = "sha256:1588fdbc3f38b3382d7b8d4d32fecdc120ec3307a11a740a1ee499e007b82cc4"},
    {file = "torchtext-0.13.1-cp37-cp37m-win_amd64.whl", hash = "sha256:00602d3d40d6aa3a67c9937738ec296d706d878a1d41b3eba6597547a55e711a"},
    {file = "torchtext-0.13.1-cp38-cp38-macosx_10_9_x86_64.whl", hash = "sha256:88d7e168832037d9d65dfaee4931a0712016ed634c3feaa6f0fdc0ce1b879a61"},
    {file = "torchtext-0.13.1-cp38-cp38-macosx_11_0_arm64.whl", hash = "sha256:a6f186aeb4dfd74bcef2de8ef8c83a9abbdbdb2d0b149e04d5d4ae6b7059cd06"},
    {file = "torchtext-0.13.1-cp38-cp38-manylinux1_x86_64.whl", hash = "sha256:3f84f8d3f4bdfea711111953c500d51feb6103c9be9fcef98fd471c33532f5d2"},
    {file = "torchtext-0.13.1-cp38-cp38-manylinux2014_aarch64.whl", hash = "sha256:8b6d5f7db841ac0542aa391137405a5d01770bf3e52f58945a9ec43521e8ebf7"},
    {file = "torchtext-0.13.1-cp38-cp38-win_amd64.whl", hash = "sha256:45cf502a91191110fbc3cf59de76818d9f2f64cf9327ee59b6bc2fe016f107ff"},
    {file = "torchtext-0.13.1-cp39-cp39-macosx_10_9_x86_64.whl", hash = "sha256:ba05716fca0bdff1c8527cfe88231ca664f236173e52209d737681e02d752e7d"},
    {file = "torchtext-0.13.1-cp39-cp39-macosx_11_0_arm64.whl", hash = "sha256:07de89d3d3784a5821ec45427c36f4737e3092a802998afdf7bb0b1ae326d562"},
    {file = "torchtext-0.13.1-cp39-cp39-manylinux1_x86_64.whl", hash = "sha256:32f51e4651710c8cc9e7d3e3877a5eed169100bf5539fd35bd6315e97993cf99"},
    {file = "torchtext-0.13.1-cp39-cp39-manylinux2014_aarch64.whl", hash = "sha256:1a1a8897790ea3e9276c0f0ce0afa6b7de521c265c84c1af4508439013dd68a6"},
    {file = "torchtext-0.13.1-cp39-cp39-win_amd64.whl", hash = "sha256:fdfca76d4f16f7d3fd8b93f545bf4b34e8cc01c099ee6796c49cf41da966b708"},
]
tqdm = [
    {file = "tqdm-4.64.1-py2.py3-none-any.whl", hash = "sha256:6fee160d6ffcd1b1c68c65f14c829c22832bc401726335ce92c52d395944a6a1"},
    {file = "tqdm-4.64.1.tar.gz", hash = "sha256:5f4f682a004951c1b450bc753c710e9280c5746ce6ffedee253ddbcbf54cf1e4"},
]
typing-extensions = []
urllib3 = [
    {file = "urllib3-1.22-py2.py3-none-any.whl", hash = "sha256:06330f386d6e4b195fbfc736b297f58c5a892e4440e54d294d7004e3a9bbea1b"},
    {file = "urllib3-1.22.tar.gz", hash = "sha256:cc44da8e1145637334317feebd728bd869a35285b93cbb4cca2577da7e62db4f"},
]
wikipedia = [
    {file = "wikipedia-1.4.0.tar.gz", hash = "sha256:db0fad1829fdd441b1852306e9856398204dc0786d2996dd2e0c8bb8e26133b2"},
]
