[[package]]
name = "gensim"
version = "4.2.0"
description = "Python framework for fast Vector Space Modelling"
category = "main"
optional = false
python-versions = ">=3.6"

[package.dependencies]
numpy = ">=1.17.0"
scipy = ">=0.18.1"
smart-open = ">=1.8.1"

[package.extras]
distributed = ["Pyro4 (>=4.27)"]
docs = ["Pyro4 (>=4.27)", "annoy", "cython", "matplotlib", "memory-profiler", "mock", "nltk", "nmslib", "pandas", "pyemd", "pyro4", "pytest", "pytest-cov", "sphinx", "sphinx-gallery", "sphinxcontrib-napoleon", "sphinxcontrib.programoutput", "statsmodels", "testfixtures", "visdom (>0.1.8.7)"]
test = ["cython", "mock", "nmslib", "pyemd", "pytest", "pytest-cov", "testfixtures", "visdom (>0.1.8.7)"]
test-win = ["cython", "mock", "nmslib", "pyemd", "pytest", "pytest-cov", "testfixtures"]

[[package]]
name = "numpy"
version = "1.23.3"
description = "NumPy is the fundamental package for array computing with Python."
category = "main"
optional = false
python-versions = ">=3.8"

[[package]]
name = "scipy"
version = "1.6.1"
description = "SciPy: Scientific Library for Python"
category = "main"
optional = false
python-versions = ">=3.7"

[package.dependencies]
numpy = ">=1.16.5"

[[package]]
name = "smart-open"
version = "5.1.0"
description = "Utils for streaming large files (S3, HDFS, GCS, Azure Blob Storage, gzip, bz2...)"
category = "main"
optional = false
python-versions = ">=3.6.*"

[package.extras]
all = ["azure-common", "azure-core", "azure-storage-blob", "boto3", "google-cloud-storage", "requests"]
azure = ["azure-common", "azure-core", "azure-storage-blob"]
gcs = ["google-cloud-storage"]
http = ["requests"]
s3 = ["boto3"]
test = ["azure-common", "azure-core", "azure-storage-blob", "boto3", "google-cloud-storage", "moto[server] (==1.3.14)", "parameterizedtestcase", "paramiko", "pathlib2", "pytest", "pytest-rerunfailures", "requests", "responses"]
webhdfs = ["requests"]

[[package]]
name = "torch"
version = "1.12.1"
description = "Tensors and Dynamic neural networks in Python with strong GPU acceleration"
category = "main"
optional = false
python-versions = ">=3.7.0"

[package.dependencies]
typing-extensions = "*"

[[package]]
name = "typing-extensions"
version = "4.3.0"
description = "Backported and Experimental Type Hints for Python 3.7+"
category = "main"
optional = false
python-versions = ">=3.7"

[metadata]
lock-version = "1.1"
python-versions = ">=3.8"
content-hash = "0b67391ccedeeb966628b4c5ae15571c42c22779b848c6a9d0ea13ae6f88b34a"

[metadata.files]
gensim = [
    {file = "gensim-4.2.0-cp310-cp310-macosx_10_9_universal2.whl", hash = "sha256:de68cdee678e63500c832cc17ed768c0fc22550f63782201a50f319a4a6fc385"},
    {file = "gensim-4.2.0-cp310-cp310-manylinux_2_17_x86_64.manylinux2014_x86_64.whl", hash = "sha256:4e06f177e537af25e219f6e42f50f78687754fd20aa3a8335fe3103636f747df"},
    {file = "gensim-4.2.0-cp310-cp310-win_amd64.whl", hash = "sha256:f1b59d3559fab86df1e046882531ecc9a653689cf6effb1b089cd3adfc7ec57c"},
    {file = "gensim-4.2.0-cp37-cp37m-macosx_10_9_x86_64.whl", hash = "sha256:1ae06b2d70ed09ba1051b7f37ee142b695c183fd18f2dddb3362379d6dc33d73"},
    {file = "gensim-4.2.0-cp37-cp37m-manylinux_2_12_x86_64.manylinux2010_x86_64.whl", hash = "sha256:cccf80d032dac1d6be8de06a8c8ed763496acda8c37e5c9a9d19c712f16d8fd3"},
    {file = "gensim-4.2.0-cp37-cp37m-manylinux_2_17_aarch64.manylinux2014_aarch64.whl", hash = "sha256:84a06822c0ad1285f4e8630df5e618e8e2f67eb5edb571fa907433856911f42b"},
    {file = "gensim-4.2.0-cp37-cp37m-win_amd64.whl", hash = "sha256:662e755a179a4042d1a3c3c39d80479f50fc09b7e1c5df2e40276ec75c8311d2"},
    {file = "gensim-4.2.0-cp38-cp38-macosx_10_9_x86_64.whl", hash = "sha256:bad35d595e5a37b2f082985b31dbd01024949a9b3d4f69f80e54d990e90721ad"},
    {file = "gensim-4.2.0-cp38-cp38-manylinux_2_12_x86_64.manylinux2010_x86_64.whl", hash = "sha256:db1bc49dccc3815fa58bddc9e1f953354a131ab510d72fd8af58e9c749bb695e"},
    {file = "gensim-4.2.0-cp38-cp38-manylinux_2_17_aarch64.manylinux2014_aarch64.whl", hash = "sha256:636cd376e647200bbc37694541c078a64ce2ddfa70a6cbaafd55de800731000b"},
    {file = "gensim-4.2.0-cp38-cp38-win_amd64.whl", hash = "sha256:f8199bc532ea041a35c360c65ce418a4730c813fd300a433fd9a3d89b4bb6f1d"},
    {file = "gensim-4.2.0-cp39-cp39-macosx_10_9_x86_64.whl", hash = "sha256:4ebc8ec9cccae2d063cef240825658f050c5ad6fd2c81eecc84765f7a87b58ba"},
    {file = "gensim-4.2.0-cp39-cp39-manylinux_2_12_x86_64.manylinux2010_x86_64.whl", hash = "sha256:ec8c5917ec36cfffbe8688af60f444f9e8fa01a3032fb75c50df212772db257f"},
    {file = "gensim-4.2.0-cp39-cp39-manylinux_2_17_aarch64.manylinux2014_aarch64.whl", hash = "sha256:edb70625065c5d170205cbf108bb01a9fce9487182fdeb2724ce0674ab98a244"},
    {file = "gensim-4.2.0-cp39-cp39-win_amd64.whl", hash = "sha256:8ff2c9e8e7470701b26b994d29fdf4d77bb3b290b6303dee61859a776bfeeeee"},
    {file = "gensim-4.2.0.tar.gz", hash = "sha256:995ebd2970a31d47c100aaac10212f47e2bf12e2b06536d38883c951ff34eef1"},
]
numpy = [
    {file = "numpy-1.23.3-cp310-cp310-macosx_10_9_x86_64.whl", hash = "sha256:c9f707b5bb73bf277d812ded9896f9512a43edff72712f31667d0a8c2f8e71ee"},
    {file = "numpy-1.23.3-cp310-cp310-macosx_11_0_arm64.whl", hash = "sha256:ffcf105ecdd9396e05a8e58e81faaaf34d3f9875f137c7372450baa5d77c9a54"},
    {file = "numpy-1.23.3-cp310-cp310-manylinux_2_17_aarch64.manylinux2014_aarch64.whl", hash = "sha256:0ea3f98a0ffce3f8f57675eb9119f3f4edb81888b6874bc1953f91e0b1d4f440"},
    {file = "numpy-1.23.3-cp310-cp310-manylinux_2_17_x86_64.manylinux2014_x86_64.whl", hash = "sha256:004f0efcb2fe1c0bd6ae1fcfc69cc8b6bf2407e0f18be308612007a0762b4089"},
    {file = "numpy-1.23.3-cp310-cp310-win32.whl", hash = "sha256:98dcbc02e39b1658dc4b4508442a560fe3ca5ca0d989f0df062534e5ca3a5c1a"},
    {file = "numpy-1.23.3-cp310-cp310-win_amd64.whl", hash = "sha256:39a664e3d26ea854211867d20ebcc8023257c1800ae89773cbba9f9e97bae036"},
    {file = "numpy-1.23.3-cp311-cp311-macosx_10_9_x86_64.whl", hash = "sha256:1f27b5322ac4067e67c8f9378b41c746d8feac8bdd0e0ffede5324667b8a075c"},
    {file = "numpy-1.23.3-cp311-cp311-macosx_11_0_arm64.whl", hash = "sha256:2ad3ec9a748a8943e6eb4358201f7e1c12ede35f510b1a2221b70af4bb64295c"},
    {file = "numpy-1.23.3-cp311-cp311-manylinux_2_17_aarch64.manylinux2014_aarch64.whl", hash = "sha256:bdc9febce3e68b697d931941b263c59e0c74e8f18861f4064c1f712562903411"},
    {file = "numpy-1.23.3-cp311-cp311-manylinux_2_17_x86_64.manylinux2014_x86_64.whl", hash = "sha256:301c00cf5e60e08e04d842fc47df641d4a181e651c7135c50dc2762ffe293dbd"},
    {file = "numpy-1.23.3-cp311-cp311-win32.whl", hash = "sha256:7cd1328e5bdf0dee621912f5833648e2daca72e3839ec1d6695e91089625f0b4"},
    {file = "numpy-1.23.3-cp311-cp311-win_amd64.whl", hash = "sha256:8355fc10fd33a5a70981a5b8a0de51d10af3688d7a9e4a34fcc8fa0d7467bb7f"},
    {file = "numpy-1.23.3-cp38-cp38-macosx_10_9_x86_64.whl", hash = "sha256:bc6e8da415f359b578b00bcfb1d08411c96e9a97f9e6c7adada554a0812a6cc6"},
    {file = "numpy-1.23.3-cp38-cp38-macosx_11_0_arm64.whl", hash = "sha256:22d43376ee0acd547f3149b9ec12eec2f0ca4a6ab2f61753c5b29bb3e795ac4d"},
    {file = "numpy-1.23.3-cp38-cp38-manylinux_2_17_aarch64.manylinux2014_aarch64.whl", hash = "sha256:a64403f634e5ffdcd85e0b12c08f04b3080d3e840aef118721021f9b48fc1460"},
    {file = "numpy-1.23.3-cp38-cp38-manylinux_2_17_x86_64.manylinux2014_x86_64.whl", hash = "sha256:efd9d3abe5774404becdb0748178b48a218f1d8c44e0375475732211ea47c67e"},
    {file = "numpy-1.23.3-cp38-cp38-win32.whl", hash = "sha256:f8c02ec3c4c4fcb718fdf89a6c6f709b14949408e8cf2a2be5bfa9c49548fd85"},
    {file = "numpy-1.23.3-cp38-cp38-win_amd64.whl", hash = "sha256:e868b0389c5ccfc092031a861d4e158ea164d8b7fdbb10e3b5689b4fc6498df6"},
    {file = "numpy-1.23.3-cp39-cp39-macosx_10_9_x86_64.whl", hash = "sha256:09f6b7bdffe57fc61d869a22f506049825d707b288039d30f26a0d0d8ea05164"},
    {file = "numpy-1.23.3-cp39-cp39-macosx_11_0_arm64.whl", hash = "sha256:8c79d7cf86d049d0c5089231a5bcd31edb03555bd93d81a16870aa98c6cfb79d"},
    {file = "numpy-1.23.3-cp39-cp39-manylinux_2_17_aarch64.manylinux2014_aarch64.whl", hash = "sha256:e5d5420053bbb3dd64c30e58f9363d7a9c27444c3648e61460c1237f9ec3fa14"},
    {file = "numpy-1.23.3-cp39-cp39-manylinux_2_17_x86_64.manylinux2014_x86_64.whl", hash = "sha256:d5422d6a1ea9b15577a9432e26608c73a78faf0b9039437b075cf322c92e98e7"},
    {file = "numpy-1.23.3-cp39-cp39-win32.whl", hash = "sha256:c1ba66c48b19cc9c2975c0d354f24058888cdc674bebadceb3cdc9ec403fb5d1"},
    {file = "numpy-1.23.3-cp39-cp39-win_amd64.whl", hash = "sha256:78a63d2df1d947bd9d1b11d35564c2f9e4b57898aae4626638056ec1a231c40c"},
    {file = "numpy-1.23.3-pp38-pypy38_pp73-macosx_10_9_x86_64.whl", hash = "sha256:17c0e467ade9bda685d5ac7f5fa729d8d3e76b23195471adae2d6a6941bd2c18"},
    {file = "numpy-1.23.3-pp38-pypy38_pp73-manylinux_2_17_x86_64.manylinux2014_x86_64.whl", hash = "sha256:91b8d6768a75247026e951dce3b2aac79dc7e78622fc148329135ba189813584"},
    {file = "numpy-1.23.3-pp38-pypy38_pp73-win_amd64.whl", hash = "sha256:94c15ca4e52671a59219146ff584488907b1f9b3fc232622b47e2cf832e94fb8"},
    {file = "numpy-1.23.3.tar.gz", hash = "sha256:51bf49c0cd1d52be0a240aa66f3458afc4b95d8993d2d04f0d91fa60c10af6cd"},
]
scipy = [
    {file = "scipy-1.6.1-cp37-cp37m-macosx_10_9_x86_64.whl", hash = "sha256:a15a1f3fc0abff33e792d6049161b7795909b40b97c6cc2934ed54384017ab76"},
    {file = "scipy-1.6.1-cp37-cp37m-manylinux1_i686.whl", hash = "sha256:e79570979ccdc3d165456dd62041d9556fb9733b86b4b6d818af7a0afc15f092"},
    {file = "scipy-1.6.1-cp37-cp37m-manylinux1_x86_64.whl", hash = "sha256:a423533c55fec61456dedee7b6ee7dce0bb6bfa395424ea374d25afa262be261"},
    {file = "scipy-1.6.1-cp37-cp37m-manylinux2014_aarch64.whl", hash = "sha256:33d6b7df40d197bdd3049d64e8e680227151673465e5d85723b3b8f6b15a6ced"},
    {file = "scipy-1.6.1-cp37-cp37m-win32.whl", hash = "sha256:6725e3fbb47da428794f243864f2297462e9ee448297c93ed1dcbc44335feb78"},
    {file = "scipy-1.6.1-cp37-cp37m-win_amd64.whl", hash = "sha256:5fa9c6530b1661f1370bcd332a1e62ca7881785cc0f80c0d559b636567fab63c"},
    {file = "scipy-1.6.1-cp38-cp38-macosx_10_9_x86_64.whl", hash = "sha256:bd50daf727f7c195e26f27467c85ce653d41df4358a25b32434a50d8870fc519"},
    {file = "scipy-1.6.1-cp38-cp38-manylinux1_i686.whl", hash = "sha256:f46dd15335e8a320b0fb4685f58b7471702234cba8bb3442b69a3e1dc329c345"},
    {file = "scipy-1.6.1-cp38-cp38-manylinux1_x86_64.whl", hash = "sha256:0e5b0ccf63155d90da576edd2768b66fb276446c371b73841e3503be1d63fb5d"},
    {file = "scipy-1.6.1-cp38-cp38-manylinux2014_aarch64.whl", hash = "sha256:2481efbb3740977e3c831edfd0bd9867be26387cacf24eb5e366a6a374d3d00d"},
    {file = "scipy-1.6.1-cp38-cp38-win32.whl", hash = "sha256:68cb4c424112cd4be886b4d979c5497fba190714085f46b8ae67a5e4416c32b4"},
    {file = "scipy-1.6.1-cp38-cp38-win_amd64.whl", hash = "sha256:5f331eeed0297232d2e6eea51b54e8278ed8bb10b099f69c44e2558c090d06bf"},
    {file = "scipy-1.6.1-cp39-cp39-macosx_10_9_x86_64.whl", hash = "sha256:0c8a51d33556bf70367452d4d601d1742c0e806cd0194785914daf19775f0e67"},
    {file = "scipy-1.6.1-cp39-cp39-manylinux1_i686.whl", hash = "sha256:83bf7c16245c15bc58ee76c5418e46ea1811edcc2e2b03041b804e46084ab627"},
    {file = "scipy-1.6.1-cp39-cp39-manylinux1_x86_64.whl", hash = "sha256:794e768cc5f779736593046c9714e0f3a5940bc6dcc1dba885ad64cbfb28e9f0"},
    {file = "scipy-1.6.1-cp39-cp39-manylinux2014_aarch64.whl", hash = "sha256:5da5471aed911fe7e52b86bf9ea32fb55ae93e2f0fac66c32e58897cfb02fa07"},
    {file = "scipy-1.6.1-cp39-cp39-win32.whl", hash = "sha256:8e403a337749ed40af60e537cc4d4c03febddcc56cd26e774c9b1b600a70d3e4"},
    {file = "scipy-1.6.1-cp39-cp39-win_amd64.whl", hash = "sha256:a5193a098ae9f29af283dcf0041f762601faf2e595c0db1da929875b7570353f"},
    {file = "scipy-1.6.1.tar.gz", hash = "sha256:c4fceb864890b6168e79b0e714c585dbe2fd4222768ee90bc1aa0f8218691b11"},
]
smart-open = [
    {file = "smart_open-5.1.0-py3-none-any.whl", hash = "sha256:2059b07f530c8c9e2158e4e1575309aacb74bd813da2325c1f348015d04f3bd6"},
    {file = "smart_open-5.1.0.tar.gz", hash = "sha256:e4dc1350b240ef0759e343e4e2f361bfd4e5477bb2619866e97f80240652e92e"},
]
torch = [
    {file = "torch-1.12.1-cp310-cp310-manylinux1_x86_64.whl", hash = "sha256:9c038662db894a23e49e385df13d47b2a777ffd56d9bcd5b832593fab0a7e286"},
    {file = "torch-1.12.1-cp310-cp310-manylinux2014_aarch64.whl", hash = "sha256:4e1b9c14cf13fd2ab8d769529050629a0e68a6fc5cb8e84b4a3cc1dd8c4fe541"},
    {file = "torch-1.12.1-cp310-cp310-win_amd64.whl", hash = "sha256:e9c8f4a311ac29fc7e8e955cfb7733deb5dbe1bdaabf5d4af2765695824b7e0d"},
    {file = "torch-1.12.1-cp310-none-macosx_10_9_x86_64.whl", hash = "sha256:976c3f997cea38ee91a0dd3c3a42322785414748d1761ef926b789dfa97c6134"},
    {file = "torch-1.12.1-cp310-none-macosx_11_0_arm64.whl", hash = "sha256:68104e4715a55c4bb29a85c6a8d57d820e0757da363be1ba680fa8cc5be17b52"},
    {file = "torch-1.12.1-cp37-cp37m-manylinux1_x86_64.whl", hash = "sha256:743784ccea0dc8f2a3fe6a536bec8c4763bd82c1352f314937cb4008d4805de1"},
    {file = "torch-1.12.1-cp37-cp37m-manylinux2014_aarch64.whl", hash = "sha256:b5dbcca369800ce99ba7ae6dee3466607a66958afca3b740690d88168752abcf"},
    {file = "torch-1.12.1-cp37-cp37m-win_amd64.whl", hash = "sha256:f3b52a634e62821e747e872084ab32fbcb01b7fa7dbb7471b6218279f02a178a"},
    {file = "torch-1.12.1-cp37-none-macosx_10_9_x86_64.whl", hash = "sha256:8a34a2fbbaa07c921e1b203f59d3d6e00ed379f2b384445773bd14e328a5b6c8"},
    {file = "torch-1.12.1-cp37-none-macosx_11_0_arm64.whl", hash = "sha256:42f639501928caabb9d1d55ddd17f07cd694de146686c24489ab8c615c2871f2"},
    {file = "torch-1.12.1-cp38-cp38-manylinux1_x86_64.whl", hash = "sha256:0b44601ec56f7dd44ad8afc00846051162ef9c26a8579dda0a02194327f2d55e"},
    {file = "torch-1.12.1-cp38-cp38-manylinux2014_aarch64.whl", hash = "sha256:cd26d8c5640c3a28c526d41ccdca14cf1cbca0d0f2e14e8263a7ac17194ab1d2"},
    {file = "torch-1.12.1-cp38-cp38-win_amd64.whl", hash = "sha256:42e115dab26f60c29e298559dbec88444175528b729ae994ec4c65d56fe267dd"},
    {file = "torch-1.12.1-cp38-none-macosx_10_9_x86_64.whl", hash = "sha256:a8320ba9ad87e80ca5a6a016e46ada4d1ba0c54626e135d99b2129a4541c509d"},
    {file = "torch-1.12.1-cp38-none-macosx_11_0_arm64.whl", hash = "sha256:03e31c37711db2cd201e02de5826de875529e45a55631d317aadce2f1ed45aa8"},
    {file = "torch-1.12.1-cp39-cp39-manylinux1_x86_64.whl", hash = "sha256:9b356aea223772cd754edb4d9ecf2a025909b8615a7668ac7d5130f86e7ec421"},
    {file = "torch-1.12.1-cp39-cp39-manylinux2014_aarch64.whl", hash = "sha256:6cf6f54b43c0c30335428195589bd00e764a6d27f3b9ba637aaa8c11aaf93073"},
    {file = "torch-1.12.1-cp39-cp39-win_amd64.whl", hash = "sha256:f00c721f489089dc6364a01fd84906348fe02243d0af737f944fddb36003400d"},
    {file = "torch-1.12.1-cp39-none-macosx_10_9_x86_64.whl", hash = "sha256:bfec2843daa654f04fda23ba823af03e7b6f7650a873cdb726752d0e3718dada"},
    {file = "torch-1.12.1-cp39-none-macosx_11_0_arm64.whl", hash = "sha256:69fe2cae7c39ccadd65a123793d30e0db881f1c1927945519c5c17323131437e"},
]
typing-extensions = []
